
Microsoft Visual Studio Solution File, Format Version 11.00
# Visual Studio 2010
Project("{FAE04EC0-301F-11D3-BF4B-00C04F79EFBC}") = "HistoryARFinal", "Assembly-CSharp.csproj", "{552B01D5-2269-1F59-1276-4FEFE8EDEDFB}"
EndProject
Project("{FAE04EC0-301F-11D3-BF4B-00C04F79EFBC}") = "HistoryARFinal", "Assembly-CSharp-Editor.csproj", "{F1ED54E6-83C6-7113-2E5C-EC74EF689077}"
EndProject
Global
	GlobalSection(SolutionConfigurationPlatforms) = preSolution
		Debug|Any CPU = Debug|Any CPU
		Release|Any CPU = Release|Any CPU
	EndGlobalSection
	GlobalSection(ProjectConfigurationPlatforms) = postSolution
		{552B01D5-2269-1F59-1276-4FEFE8EDEDFB}.Debug|Any CPU.ActiveCfg = Debug|Any CPU
		{552B01D5-2269-1F59-1276-4FEFE8EDEDFB}.Debug|Any CPU.Build.0 = Debug|Any CPU
		{552B01D5-2269-1F59-1276-4FEFE8EDEDFB}.Release|Any CPU.ActiveCfg = Release|Any CPU
		{552B01D5-2269-1F59-1276-4FEFE8EDEDFB}.Release|Any CPU.Build.0 = Release|Any CPU
		{F1ED54E6-83C6-7113-2E5C-EC74EF689077}.Debug|Any CPU.ActiveCfg = Debug|Any CPU
		{F1ED54E6-83C6-7113-2E5C-EC74EF689077}.Debug|Any CPU.Build.0 = Debug|Any CPU
		{F1ED54E6-83C6-7113-2E5C-EC74EF689077}.Release|Any CPU.ActiveCfg = Release|Any CPU
		{F1ED54E6-83C6-7113-2E5C-EC74EF689077}.Release|Any CPU.Build.0 = Release|Any CPU
	EndGlobalSection
	GlobalSection(SolutionProperties) = preSolution
		HideSolutionNode = FALSE
	EndGlobalSection
	GlobalSection(MonoDevelopProperties) = preSolution
		StartupItem = Assembly-CSharp.csproj
	EndGlobalSection
EndGlobal
